
Microsoft Visual Studio Solution File, Format Version 12.00
# Visual Studio Version 17
VisualStudioVersion = 17.0.31903.59
MinimumVisualStudioVersion = 10.0.40219.1
Project("{FAE04EC0-301F-11D3-BF4B-00C04F79EFBC}") = "CosmosDb.Api", "CosmosDb.Api\CosmosDb.Api.csproj", "{4E04ED7D-6A27-43DC-A087-F238AE567760}"
EndProject
Project("{FAE04EC0-301F-11D3-BF4B-00C04F79EFBC}") = "CosmosDb.Domain", "CosmosDb.Domain\CosmosDb.Domain.csproj", "{EC0ABA17-D514-40E1-B1AD-3C608AC145C7}"
EndProject
Project("{FAE04EC0-301F-11D3-BF4B-00C04F79EFBC}") = "CosmosDb.Services", "CosmosDb.Services\CosmosDb.Services.csproj", "{DE30D322-08A2-4A49-808F-9B3474EBF736}"
EndProject
Global
	GlobalSection(SolutionConfigurationPlatforms) = preSolution
		Debug|Any CPU = Debug|Any CPU
		Release|Any CPU = Release|Any CPU
	EndGlobalSection
	GlobalSection(SolutionProperties) = preSolution
		HideSolutionNode = FALSE
	EndGlobalSection
	GlobalSection(ProjectConfigurationPlatforms) = postSolution
		{4E04ED7D-6A27-43DC-A087-F238AE567760}.Debug|Any CPU.ActiveCfg = Debug|Any CPU
		{4E04ED7D-6A27-43DC-A087-F238AE567760}.Debug|Any CPU.Build.0 = Debug|Any CPU
		{4E04ED7D-6A27-43DC-A087-F238AE567760}.Release|Any CPU.ActiveCfg = Release|Any CPU
		{4E04ED7D-6A27-43DC-A087-F238AE567760}.Release|Any CPU.Build.0 = Release|Any CPU
		{EC0ABA17-D514-40E1-B1AD-3C608AC145C7}.Debug|Any CPU.ActiveCfg = Debug|Any CPU
		{EC0ABA17-D514-40E1-B1AD-3C608AC145C7}.Debug|Any CPU.Build.0 = Debug|Any CPU
		{EC0ABA17-D514-40E1-B1AD-3C608AC145C7}.Release|Any CPU.ActiveCfg = Release|Any CPU
		{EC0ABA17-D514-40E1-B1AD-3C608AC145C7}.Release|Any CPU.Build.0 = Release|Any CPU
		{DE30D322-08A2-4A49-808F-9B3474EBF736}.Debug|Any CPU.ActiveCfg = Debug|Any CPU
		{DE30D322-08A2-4A49-808F-9B3474EBF736}.Debug|Any CPU.Build.0 = Debug|Any CPU
		{DE30D322-08A2-4A49-808F-9B3474EBF736}.Release|Any CPU.ActiveCfg = Release|Any CPU
		{DE30D322-08A2-4A49-808F-9B3474EBF736}.Release|Any CPU.Build.0 = Release|Any CPU
	EndGlobalSection
EndGlobal
